
Microsoft Visual Studio Solution File, Format Version 12.00
# Visual Studio Version 17
VisualStudioVersion = 17.11.35303.130
MinimumVisualStudioVersion = 10.0.40219.1
Project("{FAE04EC0-301F-11D3-BF4B-00C04F79EFBC}") = "BaseMetronic", "BaseMetronic\BaseMetronic.csproj", "{D519B70A-250E-491E-9DF3-D6BF1EC29C1C}"
EndProject
Global
	GlobalSection(SolutionConfigurationPlatforms) = preSolution
		Debug|Any CPU = Debug|Any CPU
		Release|Any CPU = Release|Any CPU
	EndGlobalSection
	GlobalSection(ProjectConfigurationPlatforms) = postSolution
		{D519B70A-250E-491E-9DF3-D6BF1EC29C1C}.Debug|Any CPU.ActiveCfg = Debug|Any CPU
		{D519B70A-250E-491E-9DF3-D6BF1EC29C1C}.Debug|Any CPU.Build.0 = Debug|Any CPU
		{D519B70A-250E-491E-9DF3-D6BF1EC29C1C}.Release|Any CPU.ActiveCfg = Release|Any CPU
		{D519B70A-250E-491E-9DF3-D6BF1EC29C1C}.Release|Any CPU.Build.0 = Release|Any CPU
	EndGlobalSection
	GlobalSection(SolutionProperties) = preSolution
		HideSolutionNode = FALSE
	EndGlobalSection
	GlobalSection(ExtensibilityGlobals) = postSolution
		SolutionGuid = {A391143C-6E9B-4157-BA33-BB42F72A4F65}
	EndGlobalSection
EndGlobal
